
Microsoft Visual Studio Solution File, Format Version 12.00
# Visual Studio 15
VisualStudioVersion = 15.0.28010.2041
MinimumVisualStudioVersion = 10.0.40219.1
Project("{FAE04EC0-301F-11D3-BF4B-00C04F79EFBC}") = "BiggerRiverlandsFarm", "FishingFarm\BiggerRiverlandsFarm.csproj", "{48B39560-80F4-4ECE-BFF3-FE0C28BE9EBE}"
EndProject
Global
	GlobalSection(SolutionConfigurationPlatforms) = preSolution
		Debug|Any CPU = Debug|Any CPU
		Release|Any CPU = Release|Any CPU
	EndGlobalSection
	GlobalSection(ProjectConfigurationPlatforms) = postSolution
		{48B39560-80F4-4ECE-BFF3-FE0C28BE9EBE}.Debug|Any CPU.ActiveCfg = Debug|Any CPU
		{48B39560-80F4-4ECE-BFF3-FE0C28BE9EBE}.Debug|Any CPU.Build.0 = Debug|Any CPU
		{48B39560-80F4-4ECE-BFF3-FE0C28BE9EBE}.Release|Any CPU.ActiveCfg = Release|Any CPU
		{48B39560-80F4-4ECE-BFF3-FE0C28BE9EBE}.Release|Any CPU.Build.0 = Release|Any CPU
	EndGlobalSection
	GlobalSection(SolutionProperties) = preSolution
		HideSolutionNode = FALSE
	EndGlobalSection
	GlobalSection(ExtensibilityGlobals) = postSolution
		SolutionGuid = {25B46023-FD61-490C-8BC8-C91311AB47FC}
	EndGlobalSection
EndGlobal
